
Microsoft Visual Studio Solution File, Format Version 12.00
# Visual Studio Version 17
VisualStudioVersion = 17.5.002.0
MinimumVisualStudioVersion = 10.0.40219.1
Project("{9A19103F-16F7-4668-BE54-9A1E7A4F7556}") = "SoundAnomalyDetection", "SoundAnomalyDetection.csproj", "{8C8C7AAD-E7EB-42DE-B733-85083EF33EF7}"
EndProject
Global
	GlobalSection(SolutionConfigurationPlatforms) = preSolution
		Debug|Any CPU = Debug|Any CPU
		Release|Any CPU = Release|Any CPU
	EndGlobalSection
	GlobalSection(ProjectConfigurationPlatforms) = postSolution
		{8C8C7AAD-E7EB-42DE-B733-85083EF33EF7}.Debug|Any CPU.ActiveCfg = Debug|Any CPU
		{8C8C7AAD-E7EB-42DE-B733-85083EF33EF7}.Debug|Any CPU.Build.0 = Debug|Any CPU
		{8C8C7AAD-E7EB-42DE-B733-85083EF33EF7}.Release|Any CPU.ActiveCfg = Release|Any CPU
		{8C8C7AAD-E7EB-42DE-B733-85083EF33EF7}.Release|Any CPU.Build.0 = Release|Any CPU
	EndGlobalSection
	GlobalSection(SolutionProperties) = preSolution
		HideSolutionNode = FALSE
	EndGlobalSection
	GlobalSection(ExtensibilityGlobals) = postSolution
		SolutionGuid = {2C94E488-17B7-46E0-A312-65AFE2DF8F95}
	EndGlobalSection
EndGlobal
